
Microsoft Visual Studio Solution File, Format Version 12.00
Project("{FAE04EC0-301F-11D3-BF4B-00C04F79EFBC}") = "Namirial.Esp.Plugin.Dotnet", "Namirial.Esp.Plugin.Dotnet\Namirial.Esp.Plugin.Dotnet.csproj", "{898B96A0-F248-4277-A745-0CEB764E6F6D}"
EndProject
Global
	GlobalSection(SolutionConfigurationPlatforms) = preSolution
		Debug|Any CPU = Debug|Any CPU
		Release|Any CPU = Release|Any CPU
	EndGlobalSection
	GlobalSection(ProjectConfigurationPlatforms) = postSolution
		{898B96A0-F248-4277-A745-0CEB764E6F6D}.Debug|Any CPU.ActiveCfg = Debug|Any CPU
		{898B96A0-F248-4277-A745-0CEB764E6F6D}.Debug|Any CPU.Build.0 = Debug|Any CPU
		{898B96A0-F248-4277-A745-0CEB764E6F6D}.Release|Any CPU.ActiveCfg = Release|Any CPU
		{898B96A0-F248-4277-A745-0CEB764E6F6D}.Release|Any CPU.Build.0 = Release|Any CPU
	EndGlobalSection
EndGlobal
